
Microsoft Visual Studio Solution File, Format Version 12.00
# Visual Studio 2012
Project("{FAE04EC0-301F-11D3-BF4B-00C04F79EFBC}") = "Menu2", "Menu2\Menu2.csproj", "{543518D5-C603-4A03-957F-D2F861EB6F6D}"
	ProjectSection(ProjectDependencies) = postProject
		{145E5E81-4AF2-4B7D-80DB-F82B51BF5809} = {145E5E81-4AF2-4B7D-80DB-F82B51BF5809}
		{3F2B7882-2148-4166-8817-B279C4169372} = {3F2B7882-2148-4166-8817-B279C4169372}
		{FB8BFE8F-323B-4742-9E1B-6BAF81C5F8A7} = {FB8BFE8F-323B-4742-9E1B-6BAF81C5F8A7}
		{6605A897-331D-479A-8692-BAF07E6DC9D0} = {6605A897-331D-479A-8692-BAF07E6DC9D0}
		{67ECCCFA-5793-413B-8DAD-1BECDFC5FBD9} = {67ECCCFA-5793-413B-8DAD-1BECDFC5FBD9}
	EndProjectSection
EndProject
Project("{FAE04EC0-301F-11D3-BF4B-00C04F79EFBC}") = "ClsFramework", "..\App-Base\AppBaseSIS\ClsFramework\ClsFramework.csproj", "{145E5E81-4AF2-4B7D-80DB-F82B51BF5809}"
EndProject
Project("{FAE04EC0-301F-11D3-BF4B-00C04F79EFBC}") = "ClsFormas", "..\App-Base\AppBaseSIS\ClsFormas\ClsFormas.csproj", "{67ECCCFA-5793-413B-8DAD-1BECDFC5FBD9}"
EndProject
Project("{FAE04EC0-301F-11D3-BF4B-00C04F79EFBC}") = "ClsDataSets", "..\App-Base\AppBaseSIS\ClsDataSets\ClsDataSets.csproj", "{6605A897-331D-479A-8692-BAF07E6DC9D0}"
EndProject
Project("{FAE04EC0-301F-11D3-BF4B-00C04F79EFBC}") = "ClsDataApp", "..\App-Base\AppBaseSIS\ClsDataApp\ClsDataApp.csproj", "{3F2B7882-2148-4166-8817-B279C4169372}"
EndProject
Project("{FAE04EC0-301F-11D3-BF4B-00C04F79EFBC}") = "AppBaseSIS", "..\App-Base\AppBaseSIS\AppBaseSIS\AppBaseSIS.csproj", "{FB8BFE8F-323B-4742-9E1B-6BAF81C5F8A7}"
EndProject
Global
	GlobalSection(SolutionConfigurationPlatforms) = preSolution
		Debug|Any CPU = Debug|Any CPU
		Release|Any CPU = Release|Any CPU
	EndGlobalSection
	GlobalSection(ProjectConfigurationPlatforms) = postSolution
		{543518D5-C603-4A03-957F-D2F861EB6F6D}.Debug|Any CPU.ActiveCfg = Debug|Any CPU
		{543518D5-C603-4A03-957F-D2F861EB6F6D}.Debug|Any CPU.Build.0 = Debug|Any CPU
		{543518D5-C603-4A03-957F-D2F861EB6F6D}.Release|Any CPU.ActiveCfg = Release|Any CPU
		{543518D5-C603-4A03-957F-D2F861EB6F6D}.Release|Any CPU.Build.0 = Release|Any CPU
		{145E5E81-4AF2-4B7D-80DB-F82B51BF5809}.Debug|Any CPU.ActiveCfg = Debug|Any CPU
		{145E5E81-4AF2-4B7D-80DB-F82B51BF5809}.Debug|Any CPU.Build.0 = Debug|Any CPU
		{145E5E81-4AF2-4B7D-80DB-F82B51BF5809}.Release|Any CPU.ActiveCfg = Release|Any CPU
		{145E5E81-4AF2-4B7D-80DB-F82B51BF5809}.Release|Any CPU.Build.0 = Release|Any CPU
		{67ECCCFA-5793-413B-8DAD-1BECDFC5FBD9}.Debug|Any CPU.ActiveCfg = Debug|Any CPU
		{67ECCCFA-5793-413B-8DAD-1BECDFC5FBD9}.Debug|Any CPU.Build.0 = Debug|Any CPU
		{67ECCCFA-5793-413B-8DAD-1BECDFC5FBD9}.Release|Any CPU.ActiveCfg = Release|Any CPU
		{67ECCCFA-5793-413B-8DAD-1BECDFC5FBD9}.Release|Any CPU.Build.0 = Release|Any CPU
		{6605A897-331D-479A-8692-BAF07E6DC9D0}.Debug|Any CPU.ActiveCfg = Debug|Any CPU
		{6605A897-331D-479A-8692-BAF07E6DC9D0}.Debug|Any CPU.Build.0 = Debug|Any CPU
		{6605A897-331D-479A-8692-BAF07E6DC9D0}.Release|Any CPU.ActiveCfg = Release|Any CPU
		{6605A897-331D-479A-8692-BAF07E6DC9D0}.Release|Any CPU.Build.0 = Release|Any CPU
		{3F2B7882-2148-4166-8817-B279C4169372}.Debug|Any CPU.ActiveCfg = Debug|Any CPU
		{3F2B7882-2148-4166-8817-B279C4169372}.Debug|Any CPU.Build.0 = Debug|Any CPU
		{3F2B7882-2148-4166-8817-B279C4169372}.Release|Any CPU.ActiveCfg = Release|Any CPU
		{3F2B7882-2148-4166-8817-B279C4169372}.Release|Any CPU.Build.0 = Release|Any CPU
		{FB8BFE8F-323B-4742-9E1B-6BAF81C5F8A7}.Debug|Any CPU.ActiveCfg = Debug|Any CPU
		{FB8BFE8F-323B-4742-9E1B-6BAF81C5F8A7}.Debug|Any CPU.Build.0 = Debug|Any CPU
		{FB8BFE8F-323B-4742-9E1B-6BAF81C5F8A7}.Release|Any CPU.ActiveCfg = Release|Any CPU
		{FB8BFE8F-323B-4742-9E1B-6BAF81C5F8A7}.Release|Any CPU.Build.0 = Release|Any CPU
	EndGlobalSection
	GlobalSection(SolutionProperties) = preSolution
		HideSolutionNode = FALSE
	EndGlobalSection
EndGlobal
